
Microsoft Visual Studio Solution File, Format Version 12.00
# Visual Studio Version 16
VisualStudioVersion = 16.0.29920.165
MinimumVisualStudioVersion = 10.0.40219.1
Project("{9A19103F-16F7-4668-BE54-9A1E7A4F7556}") = "Metier", "Metier\Metier.csproj", "{A1EAD894-15A7-4039-8E5F-EE5AFCEC29A3}"
EndProject
Project("{9A19103F-16F7-4668-BE54-9A1E7A4F7556}") = "AccesDonnees", "AccesDonnees\AccesDonnees.csproj", "{FD785804-1999-443F-A12D-63C35203F59B}"
EndProject
Project("{9A19103F-16F7-4668-BE54-9A1E7A4F7556}") = "InterfaceUtilisateur", "InterfaceUtilisateur\InterfaceUtilisateur.csproj", "{1F8D80F5-4574-48C0-A9B9-C163E6F8C0FE}"
EndProject
Project("{9A19103F-16F7-4668-BE54-9A1E7A4F7556}") = "LibrairiesCommunes", "LibrairiesCommunes\LibrairiesCommunes.csproj", "{465E856B-F7F7-4778-8FCE-D9328993A110}"
EndProject
Project("{9A19103F-16F7-4668-BE54-9A1E7A4F7556}") = "ApplConsole", "ApplConsole\ApplConsole.csproj", "{64E2CCFD-E27B-46C7-9E20-D712437ACD41}"
EndProject
Project("{9A19103F-16F7-4668-BE54-9A1E7A4F7556}") = "ApplWFP", "ApplWFP\ApplWFP.csproj", "{13DB9C25-B9C0-46E8-9D2B-5A479E606FCB}"
EndProject
Project("{9A19103F-16F7-4668-BE54-9A1E7A4F7556}") = "Tests", "Tests\Tests.csproj", "{FBF7D0EE-ABAF-48EB-8BE6-527B9B237FC0}"
EndProject
Project("{FAE04EC0-301F-11D3-BF4B-00C04F79EFBC}") = "ApplWFA", "ApplWFA\ApplWFA.csproj", "{E44DBB3C-173B-48F4-95C4-3051B6D2473E}"
EndProject
Global
	GlobalSection(SolutionConfigurationPlatforms) = preSolution
		Debug|Any CPU = Debug|Any CPU
		Release|Any CPU = Release|Any CPU
	EndGlobalSection
	GlobalSection(ProjectConfigurationPlatforms) = postSolution
		{A1EAD894-15A7-4039-8E5F-EE5AFCEC29A3}.Debug|Any CPU.ActiveCfg = Debug|Any CPU
		{A1EAD894-15A7-4039-8E5F-EE5AFCEC29A3}.Debug|Any CPU.Build.0 = Debug|Any CPU
		{A1EAD894-15A7-4039-8E5F-EE5AFCEC29A3}.Release|Any CPU.ActiveCfg = Release|Any CPU
		{A1EAD894-15A7-4039-8E5F-EE5AFCEC29A3}.Release|Any CPU.Build.0 = Release|Any CPU
		{FD785804-1999-443F-A12D-63C35203F59B}.Debug|Any CPU.ActiveCfg = Debug|Any CPU
		{FD785804-1999-443F-A12D-63C35203F59B}.Debug|Any CPU.Build.0 = Debug|Any CPU
		{FD785804-1999-443F-A12D-63C35203F59B}.Release|Any CPU.ActiveCfg = Release|Any CPU
		{FD785804-1999-443F-A12D-63C35203F59B}.Release|Any CPU.Build.0 = Release|Any CPU
		{1F8D80F5-4574-48C0-A9B9-C163E6F8C0FE}.Debug|Any CPU.ActiveCfg = Debug|Any CPU
		{1F8D80F5-4574-48C0-A9B9-C163E6F8C0FE}.Debug|Any CPU.Build.0 = Debug|Any CPU
		{1F8D80F5-4574-48C0-A9B9-C163E6F8C0FE}.Release|Any CPU.ActiveCfg = Release|Any CPU
		{1F8D80F5-4574-48C0-A9B9-C163E6F8C0FE}.Release|Any CPU.Build.0 = Release|Any CPU
		{465E856B-F7F7-4778-8FCE-D9328993A110}.Debug|Any CPU.ActiveCfg = Debug|Any CPU
		{465E856B-F7F7-4778-8FCE-D9328993A110}.Debug|Any CPU.Build.0 = Debug|Any CPU
		{465E856B-F7F7-4778-8FCE-D9328993A110}.Release|Any CPU.ActiveCfg = Release|Any CPU
		{465E856B-F7F7-4778-8FCE-D9328993A110}.Release|Any CPU.Build.0 = Release|Any CPU
		{64E2CCFD-E27B-46C7-9E20-D712437ACD41}.Debug|Any CPU.ActiveCfg = Debug|Any CPU
		{64E2CCFD-E27B-46C7-9E20-D712437ACD41}.Debug|Any CPU.Build.0 = Debug|Any CPU
		{64E2CCFD-E27B-46C7-9E20-D712437ACD41}.Release|Any CPU.ActiveCfg = Release|Any CPU
		{64E2CCFD-E27B-46C7-9E20-D712437ACD41}.Release|Any CPU.Build.0 = Release|Any CPU
		{13DB9C25-B9C0-46E8-9D2B-5A479E606FCB}.Debug|Any CPU.ActiveCfg = Debug|Any CPU
		{13DB9C25-B9C0-46E8-9D2B-5A479E606FCB}.Debug|Any CPU.Build.0 = Debug|Any CPU
		{13DB9C25-B9C0-46E8-9D2B-5A479E606FCB}.Release|Any CPU.ActiveCfg = Release|Any CPU
		{13DB9C25-B9C0-46E8-9D2B-5A479E606FCB}.Release|Any CPU.Build.0 = Release|Any CPU
		{FBF7D0EE-ABAF-48EB-8BE6-527B9B237FC0}.Debug|Any CPU.ActiveCfg = Debug|Any CPU
		{FBF7D0EE-ABAF-48EB-8BE6-527B9B237FC0}.Debug|Any CPU.Build.0 = Debug|Any CPU
		{FBF7D0EE-ABAF-48EB-8BE6-527B9B237FC0}.Release|Any CPU.ActiveCfg = Release|Any CPU
		{FBF7D0EE-ABAF-48EB-8BE6-527B9B237FC0}.Release|Any CPU.Build.0 = Release|Any CPU
		{E44DBB3C-173B-48F4-95C4-3051B6D2473E}.Debug|Any CPU.ActiveCfg = Debug|Any CPU
		{E44DBB3C-173B-48F4-95C4-3051B6D2473E}.Debug|Any CPU.Build.0 = Debug|Any CPU
		{E44DBB3C-173B-48F4-95C4-3051B6D2473E}.Release|Any CPU.ActiveCfg = Release|Any CPU
		{E44DBB3C-173B-48F4-95C4-3051B6D2473E}.Release|Any CPU.Build.0 = Release|Any CPU
	EndGlobalSection
	GlobalSection(SolutionProperties) = preSolution
		HideSolutionNode = FALSE
	EndGlobalSection
	GlobalSection(ExtensibilityGlobals) = postSolution
		SolutionGuid = {23DE73C3-5E39-4EE6-A2F6-E39FE4D0AF29}
	EndGlobalSection
EndGlobal
